
Microsoft Visual Studio Solution File, Format Version 12.00
# Visual Studio Version 16
VisualStudioVersion = 16.0.30011.22
MinimumVisualStudioVersion = 10.0.40219.1
Project("{9A19103F-16F7-4668-BE54-9A1E7A4F7556}") = "ScheduleMaster2000Server", "ScheduleMaster2000Server.csproj", "{1AF18132-CD90-4D92-9BD4-B40E98EC2AE3}"
EndProject
Global
	GlobalSection(SolutionConfigurationPlatforms) = preSolution
		Debug|Any CPU = Debug|Any CPU
		Release|Any CPU = Release|Any CPU
	EndGlobalSection
	GlobalSection(ProjectConfigurationPlatforms) = postSolution
		{1AF18132-CD90-4D92-9BD4-B40E98EC2AE3}.Debug|Any CPU.ActiveCfg = Debug|Any CPU
		{1AF18132-CD90-4D92-9BD4-B40E98EC2AE3}.Debug|Any CPU.Build.0 = Debug|Any CPU
		{1AF18132-CD90-4D92-9BD4-B40E98EC2AE3}.Release|Any CPU.ActiveCfg = Release|Any CPU
		{1AF18132-CD90-4D92-9BD4-B40E98EC2AE3}.Release|Any CPU.Build.0 = Release|Any CPU
	EndGlobalSection
	GlobalSection(SolutionProperties) = preSolution
		HideSolutionNode = FALSE
	EndGlobalSection
	GlobalSection(ExtensibilityGlobals) = postSolution
		SolutionGuid = {F43F5BEA-3D80-409D-85B3-7F6CE0F16C40}
	EndGlobalSection
EndGlobal
